
Microsoft Visual Studio Solution File, Format Version 12.00
# Visual Studio Version 17
VisualStudioVersion = 17.5.002.0
MinimumVisualStudioVersion = 10.0.40219.1
Project("{9A19103F-16F7-4668-BE54-9A1E7A4F7556}") = "MyAvaloniaApp", "MyAvaloniaApp\MyAvaloniaApp.csproj", "{24F083F6-1A8F-4FCF-A649-A3C06BF7B8F5}"
EndProject
Project("{9A19103F-16F7-4668-BE54-9A1E7A4F7556}") = "MyWpfApp", "MyWpfApp\MyWpfApp.csproj", "{3DD7250E-0310-42C5-ABC6-9C1E78BF925A}"
EndProject
Global
	GlobalSection(SolutionConfigurationPlatforms) = preSolution
		Debug|Any CPU = Debug|Any CPU
		Release|Any CPU = Release|Any CPU
	EndGlobalSection
	GlobalSection(ProjectConfigurationPlatforms) = postSolution
		{24F083F6-1A8F-4FCF-A649-A3C06BF7B8F5}.Debug|Any CPU.ActiveCfg = Debug|Any CPU
		{24F083F6-1A8F-4FCF-A649-A3C06BF7B8F5}.Debug|Any CPU.Build.0 = Debug|Any CPU
		{24F083F6-1A8F-4FCF-A649-A3C06BF7B8F5}.Release|Any CPU.ActiveCfg = Release|Any CPU
		{24F083F6-1A8F-4FCF-A649-A3C06BF7B8F5}.Release|Any CPU.Build.0 = Release|Any CPU
		{3DD7250E-0310-42C5-ABC6-9C1E78BF925A}.Debug|Any CPU.ActiveCfg = Debug|Any CPU
		{3DD7250E-0310-42C5-ABC6-9C1E78BF925A}.Debug|Any CPU.Build.0 = Debug|Any CPU
		{3DD7250E-0310-42C5-ABC6-9C1E78BF925A}.Release|Any CPU.ActiveCfg = Release|Any CPU
		{3DD7250E-0310-42C5-ABC6-9C1E78BF925A}.Release|Any CPU.Build.0 = Release|Any CPU
	EndGlobalSection
	GlobalSection(SolutionProperties) = preSolution
		HideSolutionNode = FALSE
	EndGlobalSection
	GlobalSection(ExtensibilityGlobals) = postSolution
		SolutionGuid = {0DB0A03B-2E8B-4D37-BB52-C58DB4340E09}
	EndGlobalSection
EndGlobal
