
Microsoft Visual Studio Solution File, Format Version 12.00
# Visual Studio Version 17
VisualStudioVersion = 17.7.34031.279
MinimumVisualStudioVersion = 10.0.40219.1
Project("{FAE04EC0-301F-11D3-BF4B-00C04F79EFBC}") = "BlazorApp1", "BlazorApp1.csproj", "{780ED5E3-C789-466F-8D87-987B9A78E9C3}"
EndProject
Global
	GlobalSection(SolutionConfigurationPlatforms) = preSolution
		Debug|Any CPU = Debug|Any CPU
		Release|Any CPU = Release|Any CPU
	EndGlobalSection
	GlobalSection(ProjectConfigurationPlatforms) = postSolution
		{780ED5E3-C789-466F-8D87-987B9A78E9C3}.Debug|Any CPU.ActiveCfg = Debug|Any CPU
		{780ED5E3-C789-466F-8D87-987B9A78E9C3}.Debug|Any CPU.Build.0 = Debug|Any CPU
		{780ED5E3-C789-466F-8D87-987B9A78E9C3}.Release|Any CPU.ActiveCfg = Release|Any CPU
		{780ED5E3-C789-466F-8D87-987B9A78E9C3}.Release|Any CPU.Build.0 = Release|Any CPU
	EndGlobalSection
	GlobalSection(SolutionProperties) = preSolution
		HideSolutionNode = FALSE
	EndGlobalSection
	GlobalSection(ExtensibilityGlobals) = postSolution
		SolutionGuid = {773F6763-C6FE-4FA2-A45B-05F4D422B8C7}
	EndGlobalSection
EndGlobal
